
Microsoft Visual Studio Solution File, Format Version 12.00
# Visual Studio Version 16
VisualStudioVersion = 16.0.32228.343
MinimumVisualStudioVersion = 10.0.40219.1
Project("{FAE04EC0-301F-11D3-BF4B-00C04F79EFBC}") = "StadiumsApp", "StadiumsApp\StadiumsApp.csproj", "{A37360BF-F2A9-4133-A327-66149C5B183D}"
EndProject
Global
	GlobalSection(SolutionConfigurationPlatforms) = preSolution
		Debug|Any CPU = Debug|Any CPU
		Release|Any CPU = Release|Any CPU
	EndGlobalSection
	GlobalSection(ProjectConfigurationPlatforms) = postSolution
		{A37360BF-F2A9-4133-A327-66149C5B183D}.Debug|Any CPU.ActiveCfg = Debug|Any CPU
		{A37360BF-F2A9-4133-A327-66149C5B183D}.Debug|Any CPU.Build.0 = Debug|Any CPU
		{A37360BF-F2A9-4133-A327-66149C5B183D}.Release|Any CPU.ActiveCfg = Release|Any CPU
		{A37360BF-F2A9-4133-A327-66149C5B183D}.Release|Any CPU.Build.0 = Release|Any CPU
	EndGlobalSection
	GlobalSection(SolutionProperties) = preSolution
		HideSolutionNode = FALSE
	EndGlobalSection
	GlobalSection(ExtensibilityGlobals) = postSolution
		SolutionGuid = {A0604FD4-67C7-4F7F-9E88-42539B06A55C}
	EndGlobalSection
EndGlobal
